{
  "version": 2,
  "dependencies": {
    "net10.0": {
      "AsyncFixer": {
        "type": "Direct",
        "requested": "[2.0.0, )",
        "resolved": "2.0.0",
        "contentHash": "U8IkrwLO1VVeWAfdzOt4PTzDlyVpEFOcxTjxrgDVjwJn37ei8izMD0Fm3N7cmXM/EYOymMDUKtmr5XAhs2ODmg=="
      },
      "DotNetProjectFile.Analyzers": {
        "type": "Direct",
        "requested": "[1.8.0, )",
        "resolved": "1.8.0",
        "contentHash": "Gtu1uwGjnzKe8YbBGzdghpaZAe3O3jpSd5Z49xTmGYYXdoHVdrHNZCGHTHlytRAFsTa5GhjYfbepAUItwqyVdQ=="
      },
      "DotNetProjectFile.Analyzers.Sdk": {
        "type": "Direct",
        "requested": "[1.8.0, )",
        "resolved": "1.8.0",
        "contentHash": "oqS9CWN+8tLoCOFUQ7WSZ1KAsl8EDvmbsbOAoDFoPqM3mqdkFoPwKI6sa9Hmvg/MbAak+aNb3yyzAvRh0XktzA=="
      },
      "Microsoft.CodeAnalysis.Analyzers": {
        "type": "Direct",
        "requested": "[4.14.0, )",
        "resolved": "4.14.0",
        "contentHash": "fCj+MzjJxN/4iYAz7JPLONGKeTomaZNzx4UgGA0AerTrx4Ou6Rw2J5YF4V51vWW+aSQSCv1nnAkCZUw5Z9+3zw=="
      },
      "Microsoft.CodeAnalysis.NetAnalyzers": {
        "type": "Direct",
        "requested": "[10.0.101, )",
        "resolved": "10.0.101",
        "contentHash": "nbq9XaN1hXbeaAAaI2Cv9su+TSs8n8iu9VmltGXDmQSTKDXh02AKykGYdHiVeaQaVvwxGJRwjsaTPSPYiD/RNQ=="
      },
      "SonarAnalyzer.CSharp": {
        "type": "Direct",
        "requested": "[10.17.0.131074, )",
        "resolved": "10.17.0.131074",
        "contentHash": "N8agHzX1pK3Xv/fqMig/mHspPAmh/aKkGg7lUC1xfezAhFtPTuRqBjuyas622Tvy5jnsN5zCXJVclvNkfJJ4rQ=="
      }
    }
  }
}